{
  "name": "@syndicate-lang/core",
  "version": "0.5.0",
  "lockfileVersion": 1,
  "requires": true,
  "dependencies": {
    "preserves": {
      "version": "0.4.0",
      "resolved": "https://registry.npmjs.org/preserves/-/preserves-0.4.0.tgz",
      "integrity": "sha512-z38SBzivZ32q0eO6n2qsPR7GjVCuCPvaGnve0o6F5YWploI1vwpdrh/DAC/U6mwqaRmXnmpx+Vk0YwufIvzADw=="
    }
  }
}
